
Microsoft Visual Studio Solution File, Format Version 11.00
# Visual Studio 2010
Project("{FAE04EC0-301F-11D3-BF4B-00C04F79EFBC}") = "UnityEngine.UI", "UnityEngine.UI.csproj", "{5739907f-0ce7-c178-610e-c4e024d391df}"
EndProject
Project("{FAE04EC0-301F-11D3-BF4B-00C04F79EFBC}") = "Assembly-CSharp", "Assembly-CSharp.csproj", "{7cf5da41-d8f7-aba8-95a3-4647e76ff778}"
EndProject
Project("{FAE04EC0-301F-11D3-BF4B-00C04F79EFBC}") = "Unity.2D.Tilemap.Editor", "Unity.2D.Tilemap.Editor.csproj", "{e786fd57-2317-1646-c70c-98acb76b3968}"
EndProject
Project("{FAE04EC0-301F-11D3-BF4B-00C04F79EFBC}") = "Unity.2D.Sprite.Editor", "Unity.2D.Sprite.Editor.csproj", "{f33b507e-fdba-a844-f5cd-e15e97cd965f}"
EndProject
Project("{FAE04EC0-301F-11D3-BF4B-00C04F79EFBC}") = "UnityEditor.UI", "UnityEditor.UI.csproj", "{f9223dce-df8a-1e23-6142-37e963c81abf}"
EndProject
Global
	GlobalSection(SolutionConfigurationPlatforms) = preSolution
		Debug|Any CPU = Debug|Any CPU
	EndGlobalSection
	GlobalSection(ProjectConfigurationPlatforms) = postSolution
		{5739907f-0ce7-c178-610e-c4e024d391df}.Debug|Any CPU.ActiveCfg = Debug|Any CPU
		{5739907f-0ce7-c178-610e-c4e024d391df}.Debug|Any CPU.Build.0 = Debug|Any CPU
		{7cf5da41-d8f7-aba8-95a3-4647e76ff778}.Debug|Any CPU.ActiveCfg = Debug|Any CPU
		{7cf5da41-d8f7-aba8-95a3-4647e76ff778}.Debug|Any CPU.Build.0 = Debug|Any CPU
		{e786fd57-2317-1646-c70c-98acb76b3968}.Debug|Any CPU.ActiveCfg = Debug|Any CPU
		{e786fd57-2317-1646-c70c-98acb76b3968}.Debug|Any CPU.Build.0 = Debug|Any CPU
		{f33b507e-fdba-a844-f5cd-e15e97cd965f}.Debug|Any CPU.ActiveCfg = Debug|Any CPU
		{f33b507e-fdba-a844-f5cd-e15e97cd965f}.Debug|Any CPU.Build.0 = Debug|Any CPU
		{f9223dce-df8a-1e23-6142-37e963c81abf}.Debug|Any CPU.ActiveCfg = Debug|Any CPU
		{f9223dce-df8a-1e23-6142-37e963c81abf}.Debug|Any CPU.Build.0 = Debug|Any CPU
	EndGlobalSection
	GlobalSection(SolutionProperties) = preSolution
		HideSolutionNode = FALSE
	EndGlobalSection
EndGlobal
